
Microsoft Visual Studio Solution File, Format Version 12.00
# Visual Studio Version 17
VisualStudioVersion = 17.3.32825.248
MinimumVisualStudioVersion = 10.0.40219.1
Project("{FAE04EC0-301F-11D3-BF4B-00C04F79EFBC}") = "Nhom7_WebsiteClothes", "Nhom7_WebsiteClothes\Nhom7_WebsiteClothes.csproj", "{6EDEBA06-CA49-4AF3-8583-CA35ACB87745}"
EndProject
Global
	GlobalSection(SolutionConfigurationPlatforms) = preSolution
		Debug|Any CPU = Debug|Any CPU
		Release|Any CPU = Release|Any CPU
	EndGlobalSection
	GlobalSection(ProjectConfigurationPlatforms) = postSolution
		{6EDEBA06-CA49-4AF3-8583-CA35ACB87745}.Debug|Any CPU.ActiveCfg = Debug|Any CPU
		{6EDEBA06-CA49-4AF3-8583-CA35ACB87745}.Debug|Any CPU.Build.0 = Debug|Any CPU
		{6EDEBA06-CA49-4AF3-8583-CA35ACB87745}.Release|Any CPU.ActiveCfg = Release|Any CPU
		{6EDEBA06-CA49-4AF3-8583-CA35ACB87745}.Release|Any CPU.Build.0 = Release|Any CPU
	EndGlobalSection
	GlobalSection(SolutionProperties) = preSolution
		HideSolutionNode = FALSE
	EndGlobalSection
	GlobalSection(ExtensibilityGlobals) = postSolution
		SolutionGuid = {7D47203B-EB23-463B-A0EC-3384D94D1F81}
	EndGlobalSection
EndGlobal
